// !$*UTF8*$!
{
	archiveVersion = 1;
	classes = {
	};
	objectVersion = 50;
	objects = {

/* Begin PBXBuildFile section */
		F3D792EF262ECE000046A7AC /* AppDelegate.swift in Sources */ = {isa = PBXBuildFile; fileRef = F3D792EE262ECE000046A7AC /* AppDelegate.swift */; };
		F3D792F1262ECE000046A7AC /* SceneDelegate.swift in Sources */ = {isa = PBXBuildFile; fileRef = F3D792F0262ECE000046A7AC /* SceneDelegate.swift */; };
		F3D792F8262ECE030046A7AC /* Assets.xcassets in Resources */ = {isa = PBXBuildFile; fileRef = F3D792F7262ECE030046A7AC /* Assets.xcassets */; };
		F3D792FB262ECE030046A7AC /* LaunchScreen.storyboard in Resources */ = {isa = PBXBuildFile; fileRef = F3D792F9262ECE030046A7AC /* LaunchScreen.storyboard */; };
		F3D79309263113D00046A7AC /* HomeViewController.swift in Sources */ = {isa = PBXBuildFile; fileRef = F3D79307263113D00046A7AC /* HomeViewController.swift */; };
		F3D7930A263113D00046A7AC /* HomeViewController.xib in Resources */ = {isa = PBXBuildFile; fileRef = F3D79308263113D00046A7AC /* HomeViewController.xib */; };
		F3D79310263122F20046A7AC /* FilmCell.swift in Sources */ = {isa = PBXBuildFile; fileRef = F3D7930E263122F20046A7AC /* FilmCell.swift */; };
		F3D79311263122F20046A7AC /* FilmCell.xib in Resources */ = {isa = PBXBuildFile; fileRef = F3D7930F263122F20046A7AC /* FilmCell.xib */; };
/* End PBXBuildFile section */

/* Begin PBXFileReference section */
		F3D792EB262ECE000046A7AC /* IMDB.app */ = {isa = PBXFileReference; explicitFileType = wrapper.application; includeInIndex = 0; path = IMDB.app; sourceTree = BUILT_PRODUCTS_DIR; };
		F3D792EE262ECE000046A7AC /* AppDelegate.swift */ = {isa = PBXFileReference; lastKnownFileType = sourcecode.swift; path = AppDelegate.swift; sourceTree = "<group>"; };
		F3D792F0262ECE000046A7AC /* SceneDelegate.swift */ = {isa = PBXFileReference; lastKnownFileType = sourcecode.swift; path = SceneDelegate.swift; sourceTree = "<group>"; };
		F3D792F7262ECE030046A7AC /* Assets.xcassets */ = {isa = PBXFileReference; lastKnownFileType = folder.assetcatalog; path = Assets.xcassets; sourceTree = "<group>"; };
		F3D792FA262ECE030046A7AC /* Base */ = {isa = PBXFileReference; lastKnownFileType = file.storyboard; name = Base; path = Base.lproj/LaunchScreen.storyboard; sourceTree = "<group>"; };
		F3D792FC262ECE030046A7AC /* Info.plist */ = {isa = PBXFileReference; lastKnownFileType = text.plist.xml; path = Info.plist; sourceTree = "<group>"; };
		F3D79307263113D00046A7AC /* HomeViewController.swift */ = {isa = PBXFileReference; lastKnownFileType = sourcecode.swift; path = HomeViewController.swift; sourceTree = "<group>"; };
		F3D79308263113D00046A7AC /* HomeViewController.xib */ = {isa = PBXFileReference; lastKnownFileType = file.xib; path = HomeViewController.xib; sourceTree = "<group>"; };
		F3D7930E263122F20046A7AC /* FilmCell.swift */ = {isa = PBXFileReference; lastKnownFileType = sourcecode.swift; path = FilmCell.swift; sourceTree = "<group>"; };
		F3D7930F263122F20046A7AC /* FilmCell.xib */ = {isa = PBXFileReference; lastKnownFileType = file.xib; path = FilmCell.xib; sourceTree = "<group>"; };
/* End PBXFileReference section */

/* Begin PBXFrameworksBuildPhase section */
		F3D792E8262ECE000046A7AC /* Frameworks */ = {
			isa = PBXFrameworksBuildPhase;
			buildActionMask = 2147483647;
			files = (
			);
			runOnlyForDeploymentPostprocessing = 0;
		};
/* End PBXFrameworksBuildPhase section */

/* Begin PBXGroup section */
		F3D792E2262ECE000046A7AC = {
			isa = PBXGroup;
			children = (
				F3D792ED262ECE000046A7AC /* IMDB */,
				F3D792EC262ECE000046A7AC /* Products */,
			);
			sourceTree = "<group>";
		};
		F3D792EC262ECE000046A7AC /* Products */ = {
			isa = PBXGroup;
			children = (
				F3D792EB262ECE000046A7AC /* IMDB.app */,
			);
			name = Products;
			sourceTree = "<group>";
		};
		F3D792ED262ECE000046A7AC /* IMDB */ = {
			isa = PBXGroup;
			children = (
				F3D79306263113B60046A7AC /* HomeViewController */,
				F3D792EE262ECE000046A7AC /* AppDelegate.swift */,
				F3D792F0262ECE000046A7AC /* SceneDelegate.swift */,
				F3D792F7262ECE030046A7AC /* Assets.xcassets */,
				F3D792F9262ECE030046A7AC /* LaunchScreen.storyboard */,
				F3D792FC262ECE030046A7AC /* Info.plist */,
			);
			path = IMDB;
			sourceTree = "<group>";
		};
		F3D79306263113B60046A7AC /* HomeViewController */ = {
			isa = PBXGroup;
			children = (
				F3D7930D263122B60046A7AC /* ListFilmsCell */,
				F3D79307263113D00046A7AC /* HomeViewController.swift */,
				F3D79308263113D00046A7AC /* HomeViewController.xib */,
			);
			path = HomeViewController;
			sourceTree = "<group>";
		};
		F3D7930D263122B60046A7AC /* ListFilmsCell */ = {
			isa = PBXGroup;
			children = (
				F3D7930E263122F20046A7AC /* FilmCell.swift */,
				F3D7930F263122F20046A7AC /* FilmCell.xib */,
			);
			path = ListFilmsCell;
			sourceTree = "<group>";
		};
/* End PBXGroup section */

/* Begin PBXNativeTarget section */
		F3D792EA262ECE000046A7AC /* IMDB */ = {
			isa = PBXNativeTarget;
			buildConfigurationList = F3D792FF262ECE030046A7AC /* Build configuration list for PBXNativeTarget "IMDB" */;
			buildPhases = (
				F3D792E7262ECE000046A7AC /* Sources */,
				F3D792E8262ECE000046A7AC /* Frameworks */,
				F3D792E9262ECE000046A7AC /* Resources */,
			);
			buildRules = (
			);
			dependencies = (
			);
			name = IMDB;
			productName = IMDB;
			productReference = F3D792EB262ECE000046A7AC /* IMDB.app */;
			productType = "com.apple.product-type.application";
		};
/* End PBXNativeTarget section */

/* Begin PBXProject section */
		F3D792E3262ECE000046A7AC /* Project object */ = {
			isa = PBXProject;
			attributes = {
				LastSwiftUpdateCheck = 1200;
				LastUpgradeCheck = 1200;
				TargetAttributes = {
					F3D792EA262ECE000046A7AC = {
						CreatedOnToolsVersion = 12.0;
					};
				};
			};
			buildConfigurationList = F3D792E6262ECE000046A7AC /* Build configuration list for PBXProject "IMDB" */;
			compatibilityVersion = "Xcode 9.3";
			developmentRegion = en;
			hasScannedForEncodings = 0;
			knownRegions = (
				en,
				Base,
			);
			mainGroup = F3D792E2262ECE000046A7AC;
			productRefGroup = F3D792EC262ECE000046A7AC /* Products */;
			projectDirPath = "";
			projectRoot = "";
			targets = (
				F3D792EA262ECE000046A7AC /* IMDB */,
			);
		};
/* End PBXProject section */

/* Begin PBXResourcesBuildPhase section */
		F3D792E9262ECE000046A7AC /* Resources */ = {
			isa = PBXResourcesBuildPhase;
			buildActionMask = 2147483647;
			files = (
				F3D792FB262ECE030046A7AC /* LaunchScreen.storyboard in Resources */,
				F3D79311263122F20046A7AC /* FilmCell.xib in Resources */,
				F3D792F8262ECE030046A7AC /* Assets.xcassets in Resources */,
				F3D7930A263113D00046A7AC /* HomeViewController.xib in Resources */,
			);
			runOnlyForDeploymentPostprocessing = 0;
		};
/* End PBXResourcesBuildPhase section */

/* Begin PBXSourcesBuildPhase section */
		F3D792E7262ECE000046A7AC /* Sources */ = {
			isa = PBXSourcesBuildPhase;
			buildActionMask = 2147483647;
			files = (
				F3D792EF262ECE000046A7AC /* AppDelegate.swift in Sources */,
				F3D79310263122F20046A7AC /* FilmCell.swift in Sources */,
				F3D792F1262ECE000046A7AC /* SceneDelegate.swift in Sources */,
				F3D79309263113D00046A7AC /* HomeViewController.swift in Sources */,
			);
			runOnlyForDeploymentPostprocessing = 0;
		};
/* End PBXSourcesBuildPhase section */

/* Begin PBXVariantGroup section */
		F3D792F9262ECE030046A7AC /* LaunchScreen.storyboard */ = {
			isa = PBXVariantGroup;
			children = (
				F3D792FA262ECE030046A7AC /* Base */,
			);
			name = LaunchScreen.storyboard;
			sourceTree = "<group>";
		};
/* End PBXVariantGroup section */

/* Begin XCBuildConfiguration section */
		F3D792FD262ECE030046A7AC /* Debug */ = {
			isa = XCBuildConfiguration;
			buildSettings = {
				ALWAYS_SEARCH_USER_PATHS = NO;
				CLANG_ANALYZER_NONNULL = YES;
				CLANG_ANALYZER_NUMBER_OBJECT_CONVERSION = YES_AGGRESSIVE;
				CLANG_CXX_LANGUAGE_STANDARD = "gnu++14";
				CLANG_CXX_LIBRARY = "libc++";
				CLANG_ENABLE_MODULES = YES;
				CLANG_ENABLE_OBJC_ARC = YES;
				CLANG_ENABLE_OBJC_WEAK = YES;
				CLANG_WARN_BLOCK_CAPTURE_AUTORELEASING = YES;
				CLANG_WARN_BOOL_CONVERSION = YES;
				CLANG_WARN_COMMA = YES;
				CLANG_WARN_CONSTANT_CONVERSION = YES;
				CLANG_WARN_DEPRECATED_OBJC_IMPLEMENTATIONS = YES;
				CLANG_WARN_DIRECT_OBJC_ISA_USAGE = YES_ERROR;
				CLANG_WARN_DOCUMENTATION_COMMENTS = YES;
				CLANG_WARN_EMPTY_BODY = YES;
				CLANG_WARN_ENUM_CONVERSION = YES;
				CLANG_WARN_INFINITE_RECURSION = YES;
				CLANG_WARN_INT_CONVERSION = YES;
				CLANG_WARN_NON_LITERAL_NULL_CONVERSION = YES;
				CLANG_WARN_OBJC_IMPLICIT_RETAIN_SELF = YES;
				CLANG_WARN_OBJC_LITERAL_CONVERSION = YES;
				CLANG_WARN_OBJC_ROOT_CLASS = YES_ERROR;
				CLANG_WARN_QUOTED_INCLUDE_IN_FRAMEWORK_HEADER = YES;
				CLANG_WARN_RANGE_LOOP_ANALYSIS = YES;
				CLANG_WARN_STRICT_PROTOTYPES = YES;
				CLANG_WARN_SUSPICIOUS_MOVE = YES;
				CLANG_WARN_UNGUARDED_AVAILABILITY = YES_AGGRESSIVE;
				CLANG_WARN_UNREACHABLE_CODE = YES;
				CLANG_WARN__DUPLICATE_METHOD_MATCH = YES;
				COPY_PHASE_STRIP = NO;
				DEBUG_INFORMATION_FORMAT = dwarf;
				ENABLE_STRICT_OBJC_MSGSEND = YES;
				ENABLE_TESTABILITY = YES;
				GCC_C_LANGUAGE_STANDARD = gnu11;
				GCC_DYNAMIC_NO_PIC = NO;
				GCC_NO_COMMON_BLOCKS = YES;
				GCC_OPTIMIZATION_LEVEL = 0;
				GCC_PREPROCESSOR_DEFINITIONS = (
					"DEBUG=1",
					"$(inherited)",
				);
				GCC_WARN_64_TO_32_BIT_CONVERSION = YES;
				GCC_WARN_ABOUT_RETURN_TYPE = YES_ERROR;
				GCC_WARN_UNDECLARED_SELECTOR = YES;
				GCC_WARN_UNINITIALIZED_AUTOS = YES_AGGRESSIVE;
				GCC_WARN_UNUSED_FUNCTION = YES;
				GCC_WARN_UNUSED_VARIABLE = YES;
				IPHONEOS_DEPLOYMENT_TARGET = 14.0;
				MTL_ENABLE_DEBUG_INFO = INCLUDE_SOURCE;
				MTL_FAST_MATH = YES;
				ONLY_ACTIVE_ARCH = YES;
				SDKROOT = iphoneos;
				SWIFT_ACTIVE_COMPILATION_CONDITIONS = DEBUG;
				SWIFT_OPTIMIZATION_LEVEL = "-Onone";
			};
			name = Debug;
		};
		F3D792FE262ECE030046A7AC /* Release */ = {
			isa = XCBuildConfiguration;
			buildSettings = {
				ALWAYS_SEARCH_USER_PATHS = NO;
				CLANG_ANALYZER_NONNULL = YES;
				CLANG_ANALYZER_NUMBER_OBJECT_CONVERSION = YES_AGGRESSIVE;
				CLANG_CXX_LANGUAGE_STANDARD = "gnu++14";
				CLANG_CXX_LIBRARY = "libc++";
				CLANG_ENABLE_MODULES = YES;
				CLANG_ENABLE_OBJC_ARC = YES;
				CLANG_ENABLE_OBJC_WEAK = YES;
				CLANG_WARN_BLOCK_CAPTURE_AUTORELEASING = YES;
				CLANG_WARN_BOOL_CONVERSION = YES;
				CLANG_WARN_COMMA = YES;
				CLANG_WARN_CONSTANT_CONVERSION = YES;
				CLANG_WARN_DEPRECATED_OBJC_IMPLEMENTATIONS = YES;
				CLANG_WARN_DIRECT_OBJC_ISA_USAGE = YES_ERROR;
				CLANG_WARN_DOCUMENTATION_COMMENTS = YES;
				CLANG_WARN_EMPTY_BODY = YES;
				CLANG_WARN_ENUM_CONVERSION = YES;
				CLANG_WARN_INFINITE_RECURSION = YES;
				CLANG_WARN_INT_CONVERSION = YES;
				CLANG_WARN_NON_LITERAL_NULL_CONVERSION = YES;
				CLANG_WARN_OBJC_IMPLICIT_RETAIN_SELF = YES;
				CLANG_WARN_OBJC_LITERAL_CONVERSION = YES;
				CLANG_WARN_OBJC_ROOT_CLASS = YES_ERROR;
				CLANG_WARN_QUOTED_INCLUDE_IN_FRAMEWORK_HEADER = YES;
				CLANG_WARN_RANGE_LOOP_ANALYSIS = YES;
				CLANG_WARN_STRICT_PROTOTYPES = YES;
				CLANG_WARN_SUSPICIOUS_MOVE = YES;
				CLANG_WARN_UNGUARDED_AVAILABILITY = YES_AGGRESSIVE;
				CLANG_WARN_UNREACHABLE_CODE = YES;
				CLANG_WARN__DUPLICATE_METHOD_MATCH = YES;
				COPY_PHASE_STRIP = NO;
				DEBUG_INFORMATION_FORMAT = "dwarf-with-dsym";
				ENABLE_NS_ASSERTIONS = NO;
				ENABLE_STRICT_OBJC_MSGSEND = YES;
				GCC_C_LANGUAGE_STANDARD = gnu11;
				GCC_NO_COMMON_BLOCKS = YES;
				GCC_WARN_64_TO_32_BIT_CONVERSION = YES;
				GCC_WARN_ABOUT_RETURN_TYPE = YES_ERROR;
				GCC_WARN_UNDECLARED_SELECTOR = YES;
				GCC_WARN_UNINITIALIZED_AUTOS = YES_AGGRESSIVE;
				GCC_WARN_UNUSED_FUNCTION = YES;
				GCC_WARN_UNUSED_VARIABLE = YES;
				IPHONEOS_DEPLOYMENT_TARGET = 14.0;
				MTL_ENABLE_DEBUG_INFO = NO;
				MTL_FAST_MATH = YES;
				SDKROOT = iphoneos;
				SWIFT_COMPILATION_MODE = wholemodule;
				SWIFT_OPTIMIZATION_LEVEL = "-O";
				VALIDATE_PRODUCT = YES;
			};
			name = Release;
		};
		F3D79300262ECE030046A7AC /* Debug */ = {
			isa = XCBuildConfiguration;
			buildSettings = {
				ASSETCATALOG_COMPILER_APPICON_NAME = AppIcon;
				ASSETCATALOG_COMPILER_GLOBAL_ACCENT_COLOR_NAME = AccentColor;
				CODE_SIGN_STYLE = Automatic;
				INFOPLIST_FILE = IMDB/Info.plist;
				LD_RUNPATH_SEARCH_PATHS = (
					"$(inherited)",
					"@executable_path/Frameworks",
				);
				PRODUCT_BUNDLE_IDENTIFIER = nxh.IMDB;
				PRODUCT_NAME = "$(TARGET_NAME)";
				SWIFT_VERSION = 5.0;
				TARGETED_DEVICE_FAMILY = "1,2";
			};
			name = Debug;
		};
		F3D79301262ECE030046A7AC /* Release */ = {
			isa = XCBuildConfiguration;
			buildSettings = {
				ASSETCATALOG_COMPILER_APPICON_NAME = AppIcon;
				ASSETCATALOG_COMPILER_GLOBAL_ACCENT_COLOR_NAME = AccentColor;
				CODE_SIGN_STYLE = Automatic;
				INFOPLIST_FILE = IMDB/Info.plist;
				LD_RUNPATH_SEARCH_PATHS = (
					"$(inherited)",
					"@executable_path/Frameworks",
				);
				PRODUCT_BUNDLE_IDENTIFIER = nxh.IMDB;
				PRODUCT_NAME = "$(TARGET_NAME)";
				SWIFT_VERSION = 5.0;
				TARGETED_DEVICE_FAMILY = "1,2";
			};
			name = Release;
		};
/* End XCBuildConfiguration section */

/* Begin XCConfigurationList section */
		F3D792E6262ECE000046A7AC /* Build configuration list for PBXProject "IMDB" */ = {
			isa = XCConfigurationList;
			buildConfigurations = (
				F3D792FD262ECE030046A7AC /* Debug */,
				F3D792FE262ECE030046A7AC /* Release */,
			);
			defaultConfigurationIsVisible = 0;
			defaultConfigurationName = Release;
		};
		F3D792FF262ECE030046A7AC /* Build configuration list for PBXNativeTarget "IMDB" */ = {
			isa = XCConfigurationList;
			buildConfigurations = (
				F3D79300262ECE030046A7AC /* Debug */,
				F3D79301262ECE030046A7AC /* Release */,
			);
			defaultConfigurationIsVisible = 0;
			defaultConfigurationName = Release;
		};
/* End XCConfigurationList section */
	};
	rootObject = F3D792E3262ECE000046A7AC /* Project object */;
}
